
Microsoft Visual Studio Solution File, Format Version 12.00
# Visual Studio 2012
Project("{FAE04EC0-301F-11D3-BF4B-00C04F79EFBC}") = "TableViewDemo", "TableViewDemo\TableViewDemo.csproj", "{7086850D-E9B6-4CE6-A11D-53C3508C1D48}"
EndProject
Project("{FAE04EC0-301F-11D3-BF4B-00C04F79EFBC}") = "TableViewDemo.iOS", "iOS\TableViewDemo.iOS.csproj", "{D06510F4-989B-4B9E-ABCC-266E3C1BC78D}"
EndProject
Project("{FAE04EC0-301F-11D3-BF4B-00C04F79EFBC}") = "TableViewDemo.Droid", "Droid\TableViewDemo.Droid.csproj", "{D27D01BD-A9B2-4756-911B-760364F7BE2B}"
EndProject
Global
	GlobalSection(SolutionConfigurationPlatforms) = preSolution
		Debug|Any CPU = Debug|Any CPU
		Release|Any CPU = Release|Any CPU
		Debug|iPhoneSimulator = Debug|iPhoneSimulator
		Release|iPhone = Release|iPhone
		Release|iPhoneSimulator = Release|iPhoneSimulator
		Debug|iPhone = Debug|iPhone
	EndGlobalSection
	GlobalSection(ProjectConfigurationPlatforms) = postSolution
		{7086850D-E9B6-4CE6-A11D-53C3508C1D48}.Debug|Any CPU.ActiveCfg = Debug|Any CPU
		{7086850D-E9B6-4CE6-A11D-53C3508C1D48}.Debug|Any CPU.Build.0 = Debug|Any CPU
		{7086850D-E9B6-4CE6-A11D-53C3508C1D48}.Release|Any CPU.ActiveCfg = Release|Any CPU
		{7086850D-E9B6-4CE6-A11D-53C3508C1D48}.Release|Any CPU.Build.0 = Release|Any CPU
		{7086850D-E9B6-4CE6-A11D-53C3508C1D48}.Debug|iPhoneSimulator.ActiveCfg = Debug|Any CPU
		{7086850D-E9B6-4CE6-A11D-53C3508C1D48}.Debug|iPhoneSimulator.Build.0 = Debug|Any CPU
		{7086850D-E9B6-4CE6-A11D-53C3508C1D48}.Release|iPhone.ActiveCfg = Release|Any CPU
		{7086850D-E9B6-4CE6-A11D-53C3508C1D48}.Release|iPhone.Build.0 = Release|Any CPU
		{7086850D-E9B6-4CE6-A11D-53C3508C1D48}.Release|iPhoneSimulator.ActiveCfg = Release|Any CPU
		{7086850D-E9B6-4CE6-A11D-53C3508C1D48}.Release|iPhoneSimulator.Build.0 = Release|Any CPU
		{7086850D-E9B6-4CE6-A11D-53C3508C1D48}.Debug|iPhone.ActiveCfg = Debug|Any CPU
		{7086850D-E9B6-4CE6-A11D-53C3508C1D48}.Debug|iPhone.Build.0 = Debug|Any CPU
		{D06510F4-989B-4B9E-ABCC-266E3C1BC78D}.Debug|Any CPU.ActiveCfg = Debug|iPhoneSimulator
		{D06510F4-989B-4B9E-ABCC-266E3C1BC78D}.Debug|Any CPU.Build.0 = Debug|iPhoneSimulator
		{D06510F4-989B-4B9E-ABCC-266E3C1BC78D}.Release|Any CPU.ActiveCfg = Release|iPhone
		{D06510F4-989B-4B9E-ABCC-266E3C1BC78D}.Release|Any CPU.Build.0 = Release|iPhone
		{D06510F4-989B-4B9E-ABCC-266E3C1BC78D}.Debug|iPhoneSimulator.ActiveCfg = Debug|iPhoneSimulator
		{D06510F4-989B-4B9E-ABCC-266E3C1BC78D}.Debug|iPhoneSimulator.Build.0 = Debug|iPhoneSimulator
		{D06510F4-989B-4B9E-ABCC-266E3C1BC78D}.Release|iPhone.ActiveCfg = Release|iPhone
		{D06510F4-989B-4B9E-ABCC-266E3C1BC78D}.Release|iPhone.Build.0 = Release|iPhone
		{D06510F4-989B-4B9E-ABCC-266E3C1BC78D}.Release|iPhoneSimulator.ActiveCfg = Release|iPhoneSimulator
		{D06510F4-989B-4B9E-ABCC-266E3C1BC78D}.Release|iPhoneSimulator.Build.0 = Release|iPhoneSimulator
		{D06510F4-989B-4B9E-ABCC-266E3C1BC78D}.Debug|iPhone.ActiveCfg = Debug|iPhone
		{D06510F4-989B-4B9E-ABCC-266E3C1BC78D}.Debug|iPhone.Build.0 = Debug|iPhone
		{D27D01BD-A9B2-4756-911B-760364F7BE2B}.Debug|Any CPU.ActiveCfg = Debug|Any CPU
		{D27D01BD-A9B2-4756-911B-760364F7BE2B}.Debug|Any CPU.Build.0 = Debug|Any CPU
		{D27D01BD-A9B2-4756-911B-760364F7BE2B}.Release|Any CPU.ActiveCfg = Release|Any CPU
		{D27D01BD-A9B2-4756-911B-760364F7BE2B}.Release|Any CPU.Build.0 = Release|Any CPU
		{D27D01BD-A9B2-4756-911B-760364F7BE2B}.Debug|iPhoneSimulator.ActiveCfg = Debug|Any CPU
		{D27D01BD-A9B2-4756-911B-760364F7BE2B}.Debug|iPhoneSimulator.Build.0 = Debug|Any CPU
		{D27D01BD-A9B2-4756-911B-760364F7BE2B}.Release|iPhone.ActiveCfg = Release|Any CPU
		{D27D01BD-A9B2-4756-911B-760364F7BE2B}.Release|iPhone.Build.0 = Release|Any CPU
		{D27D01BD-A9B2-4756-911B-760364F7BE2B}.Release|iPhoneSimulator.ActiveCfg = Release|Any CPU
		{D27D01BD-A9B2-4756-911B-760364F7BE2B}.Release|iPhoneSimulator.Build.0 = Release|Any CPU
		{D27D01BD-A9B2-4756-911B-760364F7BE2B}.Debug|iPhone.ActiveCfg = Debug|Any CPU
		{D27D01BD-A9B2-4756-911B-760364F7BE2B}.Debug|iPhone.Build.0 = Debug|Any CPU
	EndGlobalSection
EndGlobal
