
Microsoft Visual Studio Solution File, Format Version 12.00
# Visual Studio 2012
Project("{FAE04EC0-301F-11D3-BF4B-00C04F79EFBC}") = "ListViewDemo", "ListViewDemo\ListViewDemo.csproj", "{C93372C1-550C-4425-AE51-59527A4990B5}"
EndProject
Project("{FAE04EC0-301F-11D3-BF4B-00C04F79EFBC}") = "ListViewDemo.iOS", "iOS\ListViewDemo.iOS.csproj", "{0643273F-3B48-478E-838D-2238F5A07DBC}"
EndProject
Project("{FAE04EC0-301F-11D3-BF4B-00C04F79EFBC}") = "ListViewDemo.Droid", "Droid\ListViewDemo.Droid.csproj", "{53D19177-815D-474A-83E5-FEC97D9A3213}"
EndProject
Global
	GlobalSection(SolutionConfigurationPlatforms) = preSolution
		Debug|Any CPU = Debug|Any CPU
		Release|Any CPU = Release|Any CPU
		Debug|iPhoneSimulator = Debug|iPhoneSimulator
		Release|iPhone = Release|iPhone
		Release|iPhoneSimulator = Release|iPhoneSimulator
		Debug|iPhone = Debug|iPhone
	EndGlobalSection
	GlobalSection(ProjectConfigurationPlatforms) = postSolution
		{C93372C1-550C-4425-AE51-59527A4990B5}.Debug|Any CPU.ActiveCfg = Debug|Any CPU
		{C93372C1-550C-4425-AE51-59527A4990B5}.Debug|Any CPU.Build.0 = Debug|Any CPU
		{C93372C1-550C-4425-AE51-59527A4990B5}.Release|Any CPU.ActiveCfg = Release|Any CPU
		{C93372C1-550C-4425-AE51-59527A4990B5}.Release|Any CPU.Build.0 = Release|Any CPU
		{C93372C1-550C-4425-AE51-59527A4990B5}.Debug|iPhoneSimulator.ActiveCfg = Debug|Any CPU
		{C93372C1-550C-4425-AE51-59527A4990B5}.Debug|iPhoneSimulator.Build.0 = Debug|Any CPU
		{C93372C1-550C-4425-AE51-59527A4990B5}.Release|iPhone.ActiveCfg = Release|Any CPU
		{C93372C1-550C-4425-AE51-59527A4990B5}.Release|iPhone.Build.0 = Release|Any CPU
		{C93372C1-550C-4425-AE51-59527A4990B5}.Release|iPhoneSimulator.ActiveCfg = Release|Any CPU
		{C93372C1-550C-4425-AE51-59527A4990B5}.Release|iPhoneSimulator.Build.0 = Release|Any CPU
		{C93372C1-550C-4425-AE51-59527A4990B5}.Debug|iPhone.ActiveCfg = Debug|Any CPU
		{C93372C1-550C-4425-AE51-59527A4990B5}.Debug|iPhone.Build.0 = Debug|Any CPU
		{0643273F-3B48-478E-838D-2238F5A07DBC}.Debug|Any CPU.ActiveCfg = Debug|iPhoneSimulator
		{0643273F-3B48-478E-838D-2238F5A07DBC}.Debug|Any CPU.Build.0 = Debug|iPhoneSimulator
		{0643273F-3B48-478E-838D-2238F5A07DBC}.Release|Any CPU.ActiveCfg = Release|iPhone
		{0643273F-3B48-478E-838D-2238F5A07DBC}.Release|Any CPU.Build.0 = Release|iPhone
		{0643273F-3B48-478E-838D-2238F5A07DBC}.Debug|iPhoneSimulator.ActiveCfg = Debug|iPhoneSimulator
		{0643273F-3B48-478E-838D-2238F5A07DBC}.Debug|iPhoneSimulator.Build.0 = Debug|iPhoneSimulator
		{0643273F-3B48-478E-838D-2238F5A07DBC}.Release|iPhone.ActiveCfg = Release|iPhone
		{0643273F-3B48-478E-838D-2238F5A07DBC}.Release|iPhone.Build.0 = Release|iPhone
		{0643273F-3B48-478E-838D-2238F5A07DBC}.Release|iPhoneSimulator.ActiveCfg = Release|iPhoneSimulator
		{0643273F-3B48-478E-838D-2238F5A07DBC}.Release|iPhoneSimulator.Build.0 = Release|iPhoneSimulator
		{0643273F-3B48-478E-838D-2238F5A07DBC}.Debug|iPhone.ActiveCfg = Debug|iPhone
		{0643273F-3B48-478E-838D-2238F5A07DBC}.Debug|iPhone.Build.0 = Debug|iPhone
		{53D19177-815D-474A-83E5-FEC97D9A3213}.Debug|Any CPU.ActiveCfg = Debug|Any CPU
		{53D19177-815D-474A-83E5-FEC97D9A3213}.Debug|Any CPU.Build.0 = Debug|Any CPU
		{53D19177-815D-474A-83E5-FEC97D9A3213}.Release|Any CPU.ActiveCfg = Release|Any CPU
		{53D19177-815D-474A-83E5-FEC97D9A3213}.Release|Any CPU.Build.0 = Release|Any CPU
		{53D19177-815D-474A-83E5-FEC97D9A3213}.Debug|iPhoneSimulator.ActiveCfg = Debug|Any CPU
		{53D19177-815D-474A-83E5-FEC97D9A3213}.Debug|iPhoneSimulator.Build.0 = Debug|Any CPU
		{53D19177-815D-474A-83E5-FEC97D9A3213}.Release|iPhone.ActiveCfg = Release|Any CPU
		{53D19177-815D-474A-83E5-FEC97D9A3213}.Release|iPhone.Build.0 = Release|Any CPU
		{53D19177-815D-474A-83E5-FEC97D9A3213}.Release|iPhoneSimulator.ActiveCfg = Release|Any CPU
		{53D19177-815D-474A-83E5-FEC97D9A3213}.Release|iPhoneSimulator.Build.0 = Release|Any CPU
		{53D19177-815D-474A-83E5-FEC97D9A3213}.Debug|iPhone.ActiveCfg = Debug|Any CPU
		{53D19177-815D-474A-83E5-FEC97D9A3213}.Debug|iPhone.Build.0 = Debug|Any CPU
	EndGlobalSection
EndGlobal
